// !$*UTF8*$!
{
	archiveVersion = 1;
	classes = {
	};
	objectVersion = 39;
	objects = {
		080E96DCFE201CFB7F000001 = {
			fileRef = 29B97318FDCFA39411CA2CEA;
			isa = PBXBuildFile;
			settings = {
			};
		};
		080E96DDFE201D6D7F000001 = {
			children = (
				F5E1D6FA03E0BA6D01000103,
				F5E1D6F903E0A76401000103,
				F5C97BD403CA0D8C01000105,
				F5C97BD503CA0D8C01000105,
				F5B9033803CF55A101000105,
				F5B9033903CF55A101000105,
				F54F67CD03C81CEB01000105,
				F54F67CC03C81CEB01000105,
				F5AF4AF503DFD14601FE98CE,
				F5AF4AF603DFD14601FE98CE,
				F5CD0EE703D078C201000105,
				F5CD0EE803D078C201000105,
				F5CD0B7103D05F7A01000105,
				F5CD0B7203D05F7A01000105,
				F533D42D03D106C901000105,
				F533D42E03D106C901000105,
				F5D1011C03DA5C5201000103,
				F5D1011D03DA5C5201000103,
				F53281C103CBAA5301000105,
				F53281C003CBAA5301000105,
				F54F676C03C7FA3E01000105,
				F54F676D03C7FA3E01000105,
				F54F676003C77CC801000105,
				F54F676103C77CC801000105,
				F5E1D6F103E09FE001000103,
				F5E1D6F203E09FE001000103,
			);
			isa = PBXGroup;
			name = Classes;
			refType = 4;
			sourceTree = "<group>";
		};
		089C165CFE840E0CC02AAC07 = {
			children = (
				089C165DFE840E0CC02AAC07,
				E990B1180660EC21001EC845,
			);
			isa = PBXVariantGroup;
			name = InfoPlist.strings;
			refType = 4;
			sourceTree = "<group>";
		};
		089C165DFE840E0CC02AAC07 = {
			fileEncoding = 10;
			isa = PBXFileReference;
			lastKnownFileType = text.plist.strings;
			name = English;
			path = English.lproj/InfoPlist.strings;
			refType = 4;
			sourceTree = "<group>";
		};
		089C165EFE840E0CC02AAC07 = {
			fileRef = 089C165CFE840E0CC02AAC07;
			isa = PBXBuildFile;
			settings = {
			};
		};
//080
//081
//082
//083
//084
//100
//101
//102
//103
//104
		1058C7A0FEA54F0111CA2CBB = {
			children = (
				1058C7A1FEA54F0111CA2CBB,
			);
			isa = PBXGroup;
			name = "Linked Frameworks";
			refType = 4;
			sourceTree = "<group>";
		};
		1058C7A1FEA54F0111CA2CBB = {
			isa = PBXFileReference;
			lastKnownFileType = wrapper.framework;
			name = Cocoa.framework;
			path = /System/Library/Frameworks/Cocoa.framework;
			refType = 0;
			sourceTree = "<absolute>";
		};
		1058C7A2FEA54F0111CA2CBB = {
			children = (
				29B97325FDCFA39411CA2CEA,
				29B97324FDCFA39411CA2CEA,
			);
			isa = PBXGroup;
			name = "Other Frameworks";
			refType = 4;
			sourceTree = "<group>";
		};
		1058C7A3FEA54F0111CA2CBB = {
			fileRef = 1058C7A1FEA54F0111CA2CBB;
			isa = PBXBuildFile;
			settings = {
			};
		};
//100
//101
//102
//103
//104
//170
//171
//172
//173
//174
		17587328FF379C6511CA2CBB = {
			explicitFileType = wrapper.application;
			isa = PBXFileReference;
			path = Fob.app;
			refType = 3;
			sourceTree = BUILT_PRODUCTS_DIR;
		};
//170
//171
//172
//173
//174
//190
//191
//192
//193
//194
		19C28FACFE9D520D11CA2CBB = {
			children = (
				17587328FF379C6511CA2CBB,
			);
			isa = PBXGroup;
			name = Products;
			refType = 4;
			sourceTree = "<group>";
		};
//190
//191
//192
//193
//194
//290
//291
//292
//293
//294
		29B97313FDCFA39411CA2CEA = {
			buildSettings = {
			};
			buildStyles = (
				4A9504CCFFE6A4B311CA0CBA,
				4A9504CDFFE6A4B311CA0CBA,
			);
			hasScannedForEncodings = 1;
			isa = PBXProject;
			mainGroup = 29B97314FDCFA39411CA2CEA;
			projectDirPath = "";
			targets = (
				29B97326FDCFA39411CA2CEA,
			);
		};
		29B97314FDCFA39411CA2CEA = {
			children = (
				080E96DDFE201D6D7F000001,
				29B97315FDCFA39411CA2CEA,
				29B97317FDCFA39411CA2CEA,
				29B97323FDCFA39411CA2CEA,
				19C28FACFE9D520D11CA2CBB,
			);
			isa = PBXGroup;
			name = Fob;
			path = "";
			refType = 4;
			sourceTree = "<group>";
		};
		29B97315FDCFA39411CA2CEA = {
			children = (
				29B97316FDCFA39411CA2CEA,
				F584840803CFB8C401000105,
				F584840903CFB8C401000105,
				F5C97BD803CA1F4401000105,
				F5C97BD903CA1F4401000105,
			);
			isa = PBXGroup;
			name = "Other Sources";
			path = "";
			refType = 4;
			sourceTree = "<group>";
		};
		29B97316FDCFA39411CA2CEA = {
			fileEncoding = 30;
			isa = PBXFileReference;
			lastKnownFileType = sourcecode.c.objc;
			path = main.m;
			refType = 4;
			sourceTree = "<group>";
		};
		29B97317FDCFA39411CA2CEA = {
			children = (
				E9C4DC54068010E400BD91D6,
				E9C4DC6E0680117400BD91D6,
				29B97318FDCFA39411CA2CEA,
				089C165CFE840E0CC02AAC07,
				F5F0699803DB73FC01000103,
				F50C878403C772BC01000105,
				F5D1003003DA1C3E01000103,
				E912E546047884E000000102,
				E912E54A0478870700000102,
				F5EF5B6803E997300118FB85,
				E985321C070CF8E200F88517,
			);
			isa = PBXGroup;
			name = Resources;
			path = "";
			refType = 4;
			sourceTree = "<group>";
		};
		29B97318FDCFA39411CA2CEA = {
			children = (
				29B97319FDCFA39411CA2CEA,
				E990B1010660EBB2001EC845,
			);
			isa = PBXVariantGroup;
			name = MainMenu.nib;
			path = "";
			refType = 4;
			sourceTree = "<group>";
		};
		29B97319FDCFA39411CA2CEA = {
			isa = PBXFileReference;
			lastKnownFileType = wrapper.nib;
			name = English;
			path = English.lproj/MainMenu.nib;
			refType = 4;
			sourceTree = "<group>";
		};
		29B97323FDCFA39411CA2CEA = {
			children = (
				1058C7A0FEA54F0111CA2CBB,
				1058C7A2FEA54F0111CA2CBB,
			);
			isa = PBXGroup;
			name = Frameworks;
			path = "";
			refType = 4;
			sourceTree = "<group>";
		};
		29B97324FDCFA39411CA2CEA = {
			isa = PBXFileReference;
			lastKnownFileType = wrapper.framework;
			name = AppKit.framework;
			path = /System/Library/Frameworks/AppKit.framework;
			refType = 0;
			sourceTree = "<absolute>";
		};
		29B97325FDCFA39411CA2CEA = {
			isa = PBXFileReference;
			lastKnownFileType = wrapper.framework;
			name = Foundation.framework;
			path = /System/Library/Frameworks/Foundation.framework;
			refType = 0;
			sourceTree = "<absolute>";
		};
		29B97326FDCFA39411CA2CEA = {
			buildPhases = (
				29B97327FDCFA39411CA2CEA,
				29B97328FDCFA39411CA2CEA,
				29B9732BFDCFA39411CA2CEA,
				29B9732DFDCFA39411CA2CEA,
			);
			buildSettings = {
				DEBUGGING_SYMBOLS = NO;
				FRAMEWORK_SEARCH_PATHS = "";
				HEADER_SEARCH_PATHS = "";
				INSTALL_PATH = "$(HOME)/Applications";
				LIBRARY_SEARCH_PATHS = "";
				OTHER_LDFLAGS = "";
				PRODUCT_NAME = Fob;
				SECTORDER_FLAGS = "";
				WARNING_CFLAGS = "-Wmost -Wno-four-char-constants -Wno-unknown-pragmas";
				WRAPPER_EXTENSION = app;
			};
			comments = "A countdown timer application.";
			dependencies = (
			);
			isa = PBXApplicationTarget;
			name = Fob;
			productInstallPath = "$(HOME)/Applications";
			productName = Fob;
			productReference = 17587328FF379C6511CA2CBB;
			productSettingsXML = "<?xml version=\"1.0\" encoding=\"UTF-8\"?>
<!DOCTYPE plist PUBLIC \"-//Apple Computer//DTD PLIST 1.0//EN\" \"http://www.apple.com/DTDs/PropertyList-1.0.dtd\">
<plist version=\"1.0\">
<dict>
	<key>CFBundleDevelopmentRegion</key>
	<string>English</string>
	<key>CFBundleExecutable</key>
	<string>Fob</string>
	<key>CFBundleGetInfoString</key>
	<string>1.0.4</string>
	<key>CFBundleHelpBookFolder</key>
	<string>Fob Help</string>
	<key>CFBundleHelpBookName</key>
	<string>Fob Help</string>
	<key>CFBundleIconFile</key>
	<string>Fob.icns</string>
	<key>CFBundleIdentifier</key>
	<string>com.LeakyPuppy.Fob</string>
	<key>CFBundleInfoDictionaryVersion</key>
	<string>6.0</string>
	<key>CFBundleName</key>
	<string>Fob</string>
	<key>CFBundlePackageType</key>
	<string>APPL</string>
	<key>CFBundleShortVersionString</key>
	<string>1.0.4</string>
	<key>CFBundleSignature</key>
	<string>tfob</string>
	<key>CFBundleVersion</key>
	<string>1.0.4</string>
	<key>NSAppleScriptEnabled</key>
	<string>NO</string>
	<key>NSMainNibFile</key>
	<string>MainMenu</string>
	<key>NSPrincipalClass</key>
	<string>NSApplication</string>
</dict>
</plist>
";
		};
		29B97327FDCFA39411CA2CEA = {
			buildActionMask = 2147483647;
			files = (
				F54F676203C77CC801000105,
				F54F676E03C7FA3E01000105,
				F54F67CF03C81CEB01000105,
				F54F67D203C81CF201000105,
				F5C97BD603CA0D8C01000105,
				F5C97BDA03CA1F4401000105,
				F53281C303CBAA5301000105,
				F5B9033A03CF55A101000105,
				F584840A03CFB8C401000105,
				F5CD0B7303D05F7A01000105,
				F5BA7ECA03D0BCB701000105,
				F533D42F03D106C901000105,
				F53A13C803D2958701000105,
				F5D1011E03DA5C5201000103,
				F5AF4AF703DFD14601FE98CE,
				F5E1D6F303E09FE001000103,
				F5E1D6F703E0A12201000103,
				F5E1D6FD03E0BAA601000103,
				F531E2A103E25B9601000103,
				F531E2A503E2833001000103,
				F5A19C8C03E46E3101CE7BCA,
				F5F88DEB03E4ED2F0118FB85,
				F54456F703E75CB10118FB85,
				F5FAFAFB03E8955F0118FB85,
				E912E5420478790F00000102,
			);
			isa = PBXHeadersBuildPhase;
			runOnlyForDeploymentPostprocessing = 0;
		};
		29B97328FDCFA39411CA2CEA = {
			buildActionMask = 2147483647;
			files = (
				080E96DCFE201CFB7F000001,
				089C165EFE840E0CC02AAC07,
				F50C878503C772BC01000105,
				F5D1003503DA1C5701000103,
				F5D1003603DA1C5701000103,
				F5D1003703DA1C5701000103,
				F5D1003803DA1C5701000103,
				F5D1012903DA7E6B01000103,
				F5F0699503DB678D01000103,
				F5F0699A03DB73FC01000103,
				F5EF5B6903E997300118FB85,
				E912E54B0478870700000102,
				E9423FAD047C830A00000102,
				E9C82E0A0480101C00734361,
				E9C82E0B0480101C00734361,
				E9C4DC55068010E400BD91D6,
				E9C4DC6F0680117400BD91D6,
				E9CFC10506B6DE6200341211,
				E98530B6070CC50600F88517,
				E9853233070CF8E200F88517,
			);
			isa = PBXResourcesBuildPhase;
			runOnlyForDeploymentPostprocessing = 0;
		};
		29B9732BFDCFA39411CA2CEA = {
			buildActionMask = 2147483647;
			files = (
				29B9732CFDCFA39411CA2CEA,
				F54F676303C77CC801000105,
				F54F676F03C7FA3E01000105,
				F54F67CE03C81CEB01000105,
				F54F67D303C81CF201000105,
				F5C97BD703CA0D8C01000105,
				F5C97BDB03CA1F4401000105,
				F53281C203CBAA5301000105,
				F5B9033B03CF55A101000105,
				F584840B03CFB8C401000105,
				F5CD0B7403D05F7A01000105,
				F5BA7ECB03D0BCB801000105,
				F533D43003D106C901000105,
				F53A13C903D2958701000105,
				F5D1011F03DA5C5201000103,
				F5AF4AF803DFD14601FE98CE,
				F5E1D6F403E09FE001000103,
				F5E1D6F803E0A12201000103,
				F5E1D6FE03E0BAA601000103,
				F531E2A203E25B9601000103,
				F531E2A603E2833001000103,
				F5A19C8D03E46E3101CE7BCA,
				F5F88DEC03E4ED2F0118FB85,
				F54456F803E75CB10118FB85,
				F5FAFAFC03E8955F0118FB85,
				E912E5430478790F00000102,
			);
			isa = PBXSourcesBuildPhase;
			runOnlyForDeploymentPostprocessing = 0;
		};
		29B9732CFDCFA39411CA2CEA = {
			fileRef = 29B97316FDCFA39411CA2CEA;
			isa = PBXBuildFile;
			settings = {
				ATTRIBUTES = (
				);
			};
		};
		29B9732DFDCFA39411CA2CEA = {
			buildActionMask = 2147483647;
			files = (
				1058C7A3FEA54F0111CA2CBB,
			);
			isa = PBXFrameworksBuildPhase;
			runOnlyForDeploymentPostprocessing = 0;
		};
//290
//291
//292
//293
//294
//4A0
//4A1
//4A2
//4A3
//4A4
		4A9504CCFFE6A4B311CA0CBA = {
			buildSettings = {
				COPY_PHASE_STRIP = NO;
				GCC_DYNAMIC_NO_PIC = NO;
				GCC_ENABLE_FIX_AND_CONTINUE = YES;
				GCC_GENERATE_DEBUGGING_SYMBOLS = YES;
				GCC_OPTIMIZATION_LEVEL = 0;
				OPTIMIZATION_CFLAGS = "-O0";
				ZERO_LINK = YES;
			};
			isa = PBXBuildStyle;
			name = Development;
		};
		4A9504CDFFE6A4B311CA0CBA = {
			buildSettings = {
				COPY_PHASE_STRIP = YES;
				GCC_ENABLE_FIX_AND_CONTINUE = NO;
				ZERO_LINK = NO;
			};
			isa = PBXBuildStyle;
			name = Deployment;
		};
//4A0
//4A1
//4A2
//4A3
//4A4
//E90
//E91
//E92
//E93
//E94
		E912E5400478790F00000102 = {
			fileEncoding = 4;
			isa = PBXFileReference;
			lastKnownFileType = sourcecode.c.h;
			path = StatusItemKeeper.h;
			refType = 4;
			sourceTree = "<group>";
		};
		E912E5410478790F00000102 = {
			fileEncoding = 4;
			isa = PBXFileReference;
			lastKnownFileType = sourcecode.c.objc;
			path = StatusItemKeeper.m;
			refType = 4;
			sourceTree = "<group>";
		};
		E912E5420478790F00000102 = {
			fileRef = E912E5400478790F00000102;
			isa = PBXBuildFile;
			settings = {
			};
		};
		E912E5430478790F00000102 = {
			fileRef = E912E5410478790F00000102;
			isa = PBXBuildFile;
			settings = {
			};
		};
		E912E546047884E000000102 = {
			isa = PBXFileReference;
			lastKnownFileType = image.pdf;
			path = Clock.pdf;
			refType = 4;
			sourceTree = "<group>";
		};
		E912E54A0478870700000102 = {
			isa = PBXFileReference;
			lastKnownFileType = image.tiff;
			path = statusIcon.tiff;
			refType = 4;
			sourceTree = "<group>";
		};
		E912E54B0478870700000102 = {
			fileRef = E912E54A0478870700000102;
			isa = PBXBuildFile;
			settings = {
			};
		};
		E9423FAD047C830A00000102 = {
			fileRef = E912E546047884E000000102;
			isa = PBXBuildFile;
			settings = {
			};
		};
		E98530B5070CC50600F88517 = {
			isa = PBXFileReference;
			lastKnownFileType = image.tiff;
			path = "text-input.tiff";
			refType = 4;
			sourceTree = "<group>";
		};
		E98530B6070CC50600F88517 = {
			fileRef = E98530B5070CC50600F88517;
			isa = PBXBuildFile;
			settings = {
			};
		};
		E985321C070CF8E200F88517 = {
			isa = PBXFileReference;
			lastKnownFileType = folder;
			path = "Fob Help";
			refType = 4;
			sourceTree = "<group>";
		};
		E9853233070CF8E200F88517 = {
			fileRef = E985321C070CF8E200F88517;
			isa = PBXBuildFile;
			settings = {
			};
		};
		E990B1010660EBB2001EC845 = {
			isa = PBXFileReference;
			lastKnownFileType = wrapper.nib;
			name = French;
			path = French.lproj/MainMenu.nib;
			refType = 4;
			sourceTree = "<group>";
		};
		E990B1180660EC21001EC845 = {
			isa = PBXFileReference;
			lastKnownFileType = text.plist.strings;
			name = French;
			path = French.lproj/InfoPlist.strings;
			refType = 4;
			sourceTree = "<group>";
		};
		E990B1360660EC42001EC845 = {
			fileEncoding = 10;
			isa = PBXFileReference;
			lastKnownFileType = text.plist.strings;
			lineEnding = 0;
			name = French;
			path = French.lproj/Localizable.strings;
			refType = 4;
			sourceTree = "<group>";
		};
		E9C4DC54068010E400BD91D6 = {
			fileEncoding = 4;
			isa = PBXFileReference;
			lastKnownFileType = text.xml;
			path = Fob.scriptSuite;
			refType = 4;
			sourceTree = "<group>";
		};
		E9C4DC55068010E400BD91D6 = {
			fileRef = E9C4DC54068010E400BD91D6;
			isa = PBXBuildFile;
			settings = {
			};
		};
		E9C4DC6E0680117400BD91D6 = {
			fileEncoding = 4;
			isa = PBXFileReference;
			lastKnownFileType = text.xml;
			path = Fob.scriptTerminology;
			refType = 4;
			sourceTree = "<group>";
		};
		E9C4DC6F0680117400BD91D6 = {
			fileRef = E9C4DC6E0680117400BD91D6;
			isa = PBXBuildFile;
			settings = {
			};
		};
		E9C82E080480101C00734361 = {
			isa = PBXFileReference;
			lastKnownFileType = image.tiff;
			path = pause.tiff;
			refType = 4;
			sourceTree = "<group>";
		};
		E9C82E090480101C00734361 = {
			isa = PBXFileReference;
			lastKnownFileType = image.tiff;
			path = unpause.tiff;
			refType = 4;
			sourceTree = "<group>";
		};
		E9C82E0A0480101C00734361 = {
			fileRef = E9C82E080480101C00734361;
			isa = PBXBuildFile;
			settings = {
			};
		};
		E9C82E0B0480101C00734361 = {
			fileRef = E9C82E090480101C00734361;
			isa = PBXBuildFile;
			settings = {
			};
		};
		E9CFC10406B6DE6200341211 = {
			isa = PBXFileReference;
			lastKnownFileType = image.tiff;
			path = rewind.tiff;
			refType = 4;
			sourceTree = "<group>";
		};
		E9CFC10506B6DE6200341211 = {
			fileRef = E9CFC10406B6DE6200341211;
			isa = PBXBuildFile;
			settings = {
			};
		};
//E90
//E91
//E92
//E93
//E94
//F50
//F51
//F52
//F53
//F54
		F50C878403C772BC01000105 = {
			isa = PBXFileReference;
			lastKnownFileType = image.icns;
			path = Fob.icns;
			refType = 4;
			sourceTree = "<group>";
		};
		F50C878503C772BC01000105 = {
			fileRef = F50C878403C772BC01000105;
			isa = PBXBuildFile;
			settings = {
			};
		};
		F531E29F03E25B9601000103 = {
			fileEncoding = 30;
			isa = PBXFileReference;
			lastKnownFileType = sourcecode.c.h;
			path = DoneActionInputController.h;
			refType = 4;
			sourceTree = "<group>";
		};
		F531E2A003E25B9601000103 = {
			fileEncoding = 30;
			isa = PBXFileReference;
			lastKnownFileType = sourcecode.c.objc;
			path = DoneActionInputController.m;
			refType = 4;
			sourceTree = "<group>";
		};
		F531E2A103E25B9601000103 = {
			fileRef = F531E29F03E25B9601000103;
			isa = PBXBuildFile;
			settings = {
			};
		};
		F531E2A203E25B9601000103 = {
			fileRef = F531E2A003E25B9601000103;
			isa = PBXBuildFile;
			settings = {
			};
		};
		F531E2A303E2833001000103 = {
			fileEncoding = 30;
			isa = PBXFileReference;
			lastKnownFileType = sourcecode.c.h;
			path = SplitDelegate.h;
			refType = 4;
			sourceTree = "<group>";
		};
		F531E2A403E2833001000103 = {
			fileEncoding = 30;
			isa = PBXFileReference;
			lastKnownFileType = sourcecode.c.objc;
			path = SplitDelegate.m;
			refType = 4;
			sourceTree = "<group>";
		};
		F531E2A503E2833001000103 = {
			fileRef = F531E2A303E2833001000103;
			isa = PBXBuildFile;
			settings = {
			};
		};
		F531E2A603E2833001000103 = {
			fileRef = F531E2A403E2833001000103;
			isa = PBXBuildFile;
			settings = {
			};
		};
		F53281C003CBAA5301000105 = {
			fileEncoding = 30;
			isa = PBXFileReference;
			lastKnownFileType = sourcecode.c.objc;
			path = PresetAlarms.m;
			refType = 4;
			sourceTree = "<group>";
		};
		F53281C103CBAA5301000105 = {
			fileEncoding = 30;
			isa = PBXFileReference;
			lastKnownFileType = sourcecode.c.h;
			path = PresetAlarms.h;
			refType = 4;
			sourceTree = "<group>";
		};
		F53281C203CBAA5301000105 = {
			fileRef = F53281C003CBAA5301000105;
			isa = PBXBuildFile;
			settings = {
			};
		};
		F53281C303CBAA5301000105 = {
			fileRef = F53281C103CBAA5301000105;
			isa = PBXBuildFile;
			settings = {
			};
		};
		F533D42D03D106C901000105 = {
			fileEncoding = 30;
			isa = PBXFileReference;
			lastKnownFileType = sourcecode.c.h;
			path = DockIconController.h;
			refType = 4;
			sourceTree = "<group>";
		};
		F533D42E03D106C901000105 = {
			fileEncoding = 30;
			isa = PBXFileReference;
			lastKnownFileType = sourcecode.c.objc;
			path = DockIconController.m;
			refType = 4;
			sourceTree = "<group>";
		};
		F533D42F03D106C901000105 = {
			fileRef = F533D42D03D106C901000105;
			isa = PBXBuildFile;
			settings = {
			};
		};
		F533D43003D106C901000105 = {
			fileRef = F533D42E03D106C901000105;
			isa = PBXBuildFile;
			settings = {
			};
		};
		F53A13C603D2958701000105 = {
			fileEncoding = 30;
			isa = PBXFileReference;
			lastKnownFileType = sourcecode.c.h;
			path = ToolbarDelegate.h;
			refType = 4;
			sourceTree = "<group>";
		};
		F53A13C703D2958701000105 = {
			fileEncoding = 30;
			isa = PBXFileReference;
			lastKnownFileType = sourcecode.c.objc;
			path = ToolbarDelegate.m;
			refType = 4;
			sourceTree = "<group>";
		};
		F53A13C803D2958701000105 = {
			fileRef = F53A13C603D2958701000105;
			isa = PBXBuildFile;
			settings = {
			};
		};
		F53A13C903D2958701000105 = {
			fileRef = F53A13C703D2958701000105;
			isa = PBXBuildFile;
			settings = {
			};
		};
		F54456F503E75CB10118FB85 = {
			fileEncoding = 30;
			isa = PBXFileReference;
			lastKnownFileType = sourcecode.c.h;
			path = AlertDoneAction.h;
			refType = 4;
			sourceTree = "<group>";
		};
		F54456F603E75CB10118FB85 = {
			fileEncoding = 30;
			isa = PBXFileReference;
			lastKnownFileType = sourcecode.c.objc;
			path = AlertDoneAction.m;
			refType = 4;
			sourceTree = "<group>";
		};
		F54456F703E75CB10118FB85 = {
			fileRef = F54456F503E75CB10118FB85;
			isa = PBXBuildFile;
			settings = {
			};
		};
		F54456F803E75CB10118FB85 = {
			fileRef = F54456F603E75CB10118FB85;
			isa = PBXBuildFile;
			settings = {
			};
		};
		F54F676003C77CC801000105 = {
			fileEncoding = 30;
			isa = PBXFileReference;
			lastKnownFileType = sourcecode.c.h;
			path = TimeView.h;
			refType = 4;
			sourceTree = "<group>";
		};
		F54F676103C77CC801000105 = {
			fileEncoding = 30;
			isa = PBXFileReference;
			lastKnownFileType = sourcecode.c.objc;
			path = TimeView.m;
			refType = 4;
			sourceTree = "<group>";
		};
		F54F676203C77CC801000105 = {
			fileRef = F54F676003C77CC801000105;
			isa = PBXBuildFile;
			settings = {
			};
		};
		F54F676303C77CC801000105 = {
			fileRef = F54F676103C77CC801000105;
			isa = PBXBuildFile;
			settings = {
			};
		};
		F54F676C03C7FA3E01000105 = {
			fileEncoding = 30;
			isa = PBXFileReference;
			lastKnownFileType = sourcecode.c.h;
			path = TimeInputController.h;
			refType = 4;
			sourceTree = "<group>";
		};
		F54F676D03C7FA3E01000105 = {
			fileEncoding = 30;
			isa = PBXFileReference;
			lastKnownFileType = sourcecode.c.objc;
			path = TimeInputController.m;
			refType = 4;
			sourceTree = "<group>";
		};
		F54F676E03C7FA3E01000105 = {
			fileRef = F54F676C03C7FA3E01000105;
			isa = PBXBuildFile;
			settings = {
			};
		};
		F54F676F03C7FA3E01000105 = {
			fileRef = F54F676D03C7FA3E01000105;
			isa = PBXBuildFile;
			settings = {
			};
		};
		F54F67CC03C81CEB01000105 = {
			fileEncoding = 30;
			isa = PBXFileReference;
			lastKnownFileType = sourcecode.c.objc;
			path = ApplicationDelegate.m;
			refType = 4;
			sourceTree = "<group>";
		};
		F54F67CD03C81CEB01000105 = {
			fileEncoding = 30;
			isa = PBXFileReference;
			lastKnownFileType = sourcecode.c.h;
			path = ApplicationDelegate.h;
			refType = 4;
			sourceTree = "<group>";
		};
		F54F67CE03C81CEB01000105 = {
			fileRef = F54F67CC03C81CEB01000105;
			isa = PBXBuildFile;
			settings = {
			};
		};
		F54F67CF03C81CEB01000105 = {
			fileRef = F54F67CD03C81CEB01000105;
			isa = PBXBuildFile;
			settings = {
			};
		};
		F54F67D003C81CF201000105 = {
			fileEncoding = 30;
			isa = PBXFileReference;
			lastKnownFileType = sourcecode.c.h;
			path = FobController.h;
			refType = 4;
			sourceTree = "<group>";
		};
		F54F67D103C81CF201000105 = {
			fileEncoding = 30;
			isa = PBXFileReference;
			lastKnownFileType = sourcecode.c.objc;
			path = FobController.m;
			refType = 4;
			sourceTree = "<group>";
		};
		F54F67D203C81CF201000105 = {
			fileRef = F54F67D003C81CF201000105;
			isa = PBXBuildFile;
			settings = {
			};
		};
		F54F67D303C81CF201000105 = {
			fileRef = F54F67D103C81CF201000105;
			isa = PBXBuildFile;
			settings = {
			};
		};
		F584840803CFB8C401000105 = {
			fileEncoding = 30;
			isa = PBXFileReference;
			lastKnownFileType = sourcecode.c.h;
			path = prefs.h;
			refType = 4;
			sourceTree = "<group>";
		};
		F584840903CFB8C401000105 = {
			fileEncoding = 30;
			isa = PBXFileReference;
			lastKnownFileType = sourcecode.c.objc;
			path = prefs.m;
			refType = 4;
			sourceTree = "<group>";
		};
		F584840A03CFB8C401000105 = {
			fileRef = F584840803CFB8C401000105;
			isa = PBXBuildFile;
			settings = {
			};
		};
		F584840B03CFB8C401000105 = {
			fileRef = F584840903CFB8C401000105;
			isa = PBXBuildFile;
			settings = {
			};
		};
		F5A19C8A03E46E3101CE7BCA = {
			fileEncoding = 30;
			isa = PBXFileReference;
			lastKnownFileType = sourcecode.c.h;
			path = FileAcceptorView.h;
			refType = 4;
			sourceTree = "<group>";
		};
		F5A19C8B03E46E3101CE7BCA = {
			fileEncoding = 30;
			isa = PBXFileReference;
			lastKnownFileType = sourcecode.c.objc;
			path = FileAcceptorView.m;
			refType = 4;
			sourceTree = "<group>";
		};
		F5A19C8C03E46E3101CE7BCA = {
			fileRef = F5A19C8A03E46E3101CE7BCA;
			isa = PBXBuildFile;
			settings = {
			};
		};
		F5A19C8D03E46E3101CE7BCA = {
			fileRef = F5A19C8B03E46E3101CE7BCA;
			isa = PBXBuildFile;
			settings = {
			};
		};
		F5AF4AF503DFD14601FE98CE = {
			fileEncoding = 30;
			isa = PBXFileReference;
			lastKnownFileType = sourcecode.c.h;
			path = AttentionGrabber.h;
			refType = 4;
			sourceTree = "<group>";
		};
		F5AF4AF603DFD14601FE98CE = {
			fileEncoding = 30;
			isa = PBXFileReference;
			lastKnownFileType = sourcecode.c.objc;
			path = AttentionGrabber.m;
			refType = 4;
			sourceTree = "<group>";
		};
		F5AF4AF703DFD14601FE98CE = {
			fileRef = F5AF4AF503DFD14601FE98CE;
			isa = PBXBuildFile;
			settings = {
			};
		};
		F5AF4AF803DFD14601FE98CE = {
			fileRef = F5AF4AF603DFD14601FE98CE;
			isa = PBXBuildFile;
			settings = {
			};
		};
		F5B9033803CF55A101000105 = {
			fileEncoding = 30;
			isa = PBXFileReference;
			lastKnownFileType = sourcecode.c.h;
			path = AlarmCollection.h;
			refType = 4;
			sourceTree = "<group>";
		};
		F5B9033903CF55A101000105 = {
			fileEncoding = 30;
			isa = PBXFileReference;
			lastKnownFileType = sourcecode.c.objc;
			path = AlarmCollection.m;
			refType = 4;
			sourceTree = "<group>";
		};
		F5B9033A03CF55A101000105 = {
			fileRef = F5B9033803CF55A101000105;
			isa = PBXBuildFile;
			settings = {
			};
		};
		F5B9033B03CF55A101000105 = {
			fileRef = F5B9033903CF55A101000105;
			isa = PBXBuildFile;
			settings = {
			};
		};
		F5BA7ECA03D0BCB701000105 = {
			fileRef = F5CD0EE703D078C201000105;
			isa = PBXBuildFile;
			settings = {
			};
		};
		F5BA7ECB03D0BCB801000105 = {
			fileRef = F5CD0EE803D078C201000105;
			isa = PBXBuildFile;
			settings = {
			};
		};
		F5C97BD403CA0D8C01000105 = {
			fileEncoding = 30;
			isa = PBXFileReference;
			lastKnownFileType = sourcecode.c.h;
			path = Alarm.h;
			refType = 4;
			sourceTree = "<group>";
		};
		F5C97BD503CA0D8C01000105 = {
			fileEncoding = 30;
			isa = PBXFileReference;
			lastKnownFileType = sourcecode.c.objc;
			path = Alarm.m;
			refType = 4;
			sourceTree = "<group>";
		};
		F5C97BD603CA0D8C01000105 = {
			fileRef = F5C97BD403CA0D8C01000105;
			isa = PBXBuildFile;
			settings = {
			};
		};
		F5C97BD703CA0D8C01000105 = {
			fileRef = F5C97BD503CA0D8C01000105;
			isa = PBXBuildFile;
			settings = {
			};
		};
		F5C97BD803CA1F4401000105 = {
			fileEncoding = 30;
			isa = PBXFileReference;
			lastKnownFileType = sourcecode.c.h;
			path = time.h;
			refType = 4;
			sourceTree = "<group>";
		};
		F5C97BD903CA1F4401000105 = {
			fileEncoding = 30;
			isa = PBXFileReference;
			lastKnownFileType = sourcecode.c.c;
			path = time.c;
			refType = 4;
			sourceTree = "<group>";
		};
		F5C97BDA03CA1F4401000105 = {
			fileRef = F5C97BD803CA1F4401000105;
			isa = PBXBuildFile;
			settings = {
			};
		};
		F5C97BDB03CA1F4401000105 = {
			fileRef = F5C97BD903CA1F4401000105;
			isa = PBXBuildFile;
			settings = {
			};
		};
		F5CD0B7103D05F7A01000105 = {
			fileEncoding = 30;
			isa = PBXFileReference;
			lastKnownFileType = sourcecode.c.h;
			path = DeleteTableView.h;
			refType = 4;
			sourceTree = "<group>";
		};
		F5CD0B7203D05F7A01000105 = {
			fileEncoding = 30;
			isa = PBXFileReference;
			lastKnownFileType = sourcecode.c.objc;
			path = DeleteTableView.m;
			refType = 4;
			sourceTree = "<group>";
		};
		F5CD0B7303D05F7A01000105 = {
			fileRef = F5CD0B7103D05F7A01000105;
			isa = PBXBuildFile;
			settings = {
			};
		};
		F5CD0B7403D05F7A01000105 = {
			fileRef = F5CD0B7203D05F7A01000105;
			isa = PBXBuildFile;
			settings = {
			};
		};
		F5CD0EE703D078C201000105 = {
			fileEncoding = 30;
			isa = PBXFileReference;
			lastKnownFileType = sourcecode.c.h;
			path = CurrentAlarms.h;
			refType = 4;
			sourceTree = "<group>";
		};
		F5CD0EE803D078C201000105 = {
			fileEncoding = 30;
			isa = PBXFileReference;
			lastKnownFileType = sourcecode.c.objc;
			path = CurrentAlarms.m;
			refType = 4;
			sourceTree = "<group>";
		};
		F5D1003003DA1C3E01000103 = {
			children = (
				F5F0699403DB678D01000103,
				E9C82E080480101C00734361,
				F5D1012803DA7E6B01000103,
				E9CFC10406B6DE6200341211,
				F5D1003103DA1C5701000103,
				F5D1003203DA1C5701000103,
				F5D1003303DA1C5701000103,
				E98530B5070CC50600F88517,
				F5D1003403DA1C5701000103,
				E9C82E090480101C00734361,
			);
			isa = PBXGroup;
			name = "Toolbar Icons";
			refType = 4;
			sourceTree = "<group>";
		};
		F5D1003103DA1C5701000103 = {
			isa = PBXFileReference;
			lastKnownFileType = image.tiff;
			path = rolodex.tiff;
			refType = 4;
			sourceTree = "<group>";
		};
		F5D1003203DA1C5701000103 = {
			isa = PBXFileReference;
			lastKnownFileType = image.tiff;
			path = selected.tiff;
			refType = 4;
			sourceTree = "<group>";
		};
		F5D1003303DA1C5701000103 = {
			isa = PBXFileReference;
			lastKnownFileType = image.tiff;
			path = start.tiff;
			refType = 4;
			sourceTree = "<group>";
		};
		F5D1003403DA1C5701000103 = {
			isa = PBXFileReference;
			lastKnownFileType = image.tiff;
			path = trash.tiff;
			refType = 4;
			sourceTree = "<group>";
		};
		F5D1003503DA1C5701000103 = {
			fileRef = F5D1003103DA1C5701000103;
			isa = PBXBuildFile;
			settings = {
			};
		};
		F5D1003603DA1C5701000103 = {
			fileRef = F5D1003203DA1C5701000103;
			isa = PBXBuildFile;
			settings = {
			};
		};
		F5D1003703DA1C5701000103 = {
			fileRef = F5D1003303DA1C5701000103;
			isa = PBXBuildFile;
			settings = {
			};
		};
		F5D1003803DA1C5701000103 = {
			fileRef = F5D1003403DA1C5701000103;
			isa = PBXBuildFile;
			settings = {
			};
		};
		F5D1011C03DA5C5201000103 = {
			fileEncoding = 30;
			isa = PBXFileReference;
			lastKnownFileType = sourcecode.c.h;
			path = PreferenceController.h;
			refType = 4;
			sourceTree = "<group>";
		};
		F5D1011D03DA5C5201000103 = {
			fileEncoding = 30;
			isa = PBXFileReference;
			lastKnownFileType = sourcecode.c.objc;
			path = PreferenceController.m;
			refType = 4;
			sourceTree = "<group>";
		};
		F5D1011E03DA5C5201000103 = {
			fileRef = F5D1011C03DA5C5201000103;
			isa = PBXBuildFile;
			settings = {
			};
		};
		F5D1011F03DA5C5201000103 = {
			fileRef = F5D1011D03DA5C5201000103;
			isa = PBXBuildFile;
			settings = {
			};
		};
		F5D1012803DA7E6B01000103 = {
			isa = PBXFileReference;
			lastKnownFileType = image.tiff;
			path = preferences.tiff;
			refType = 4;
			sourceTree = "<group>";
		};
		F5D1012903DA7E6B01000103 = {
			fileRef = F5D1012803DA7E6B01000103;
			isa = PBXBuildFile;
			settings = {
			};
		};
		F5E1D6F103E09FE001000103 = {
			fileEncoding = 30;
			isa = PBXFileReference;
			lastKnownFileType = sourcecode.c.h;
			path = ZoomWindow.h;
			refType = 4;
			sourceTree = "<group>";
		};
		F5E1D6F203E09FE001000103 = {
			fileEncoding = 30;
			isa = PBXFileReference;
			lastKnownFileType = sourcecode.c.objc;
			path = ZoomWindow.m;
			refType = 4;
			sourceTree = "<group>";
		};
		F5E1D6F303E09FE001000103 = {
			fileRef = F5E1D6F103E09FE001000103;
			isa = PBXBuildFile;
			settings = {
			};
		};
		F5E1D6F403E09FE001000103 = {
			fileRef = F5E1D6F203E09FE001000103;
			isa = PBXBuildFile;
			settings = {
			};
		};
		F5E1D6F503E0A12201000103 = {
			fileEncoding = 30;
			isa = PBXFileReference;
			lastKnownFileType = sourcecode.c.h;
			path = ZoomSwitcher.h;
			refType = 4;
			sourceTree = "<group>";
		};
		F5E1D6F603E0A12201000103 = {
			fileEncoding = 30;
			isa = PBXFileReference;
			lastKnownFileType = sourcecode.c.objc;
			path = ZoomSwitcher.m;
			refType = 4;
			sourceTree = "<group>";
		};
		F5E1D6F703E0A12201000103 = {
			fileRef = F5E1D6F503E0A12201000103;
			isa = PBXBuildFile;
			settings = {
			};
		};
		F5E1D6F803E0A12201000103 = {
			fileRef = F5E1D6F603E0A12201000103;
			isa = PBXBuildFile;
			settings = {
			};
		};
		F5E1D6F903E0A76401000103 = {
			children = (
				F54F67D003C81CF201000105,
				F54F67D103C81CF201000105,
				F531E2A303E2833001000103,
				F531E2A403E2833001000103,
				E912E5400478790F00000102,
				E912E5410478790F00000102,
				F53A13C603D2958701000105,
				F53A13C703D2958701000105,
				F5E1D6F503E0A12201000103,
				F5E1D6F603E0A12201000103,
			);
			isa = PBXGroup;
			name = "Fob Controller";
			refType = 4;
			sourceTree = "<group>";
		};
		F5E1D6FA03E0BA6D01000103 = {
			children = (
				F54456F503E75CB10118FB85,
				F54456F603E75CB10118FB85,
				F5F88DE903E4ED2F0118FB85,
				F5F88DEA03E4ED2F0118FB85,
				F5E1D6FB03E0BAA601000103,
				F5E1D6FC03E0BAA601000103,
				F531E29F03E25B9601000103,
				F531E2A003E25B9601000103,
				F5A19C8A03E46E3101CE7BCA,
				F5A19C8B03E46E3101CE7BCA,
				F5FAFAF903E8955F0118FB85,
				F5FAFAFA03E8955F0118FB85,
			);
			isa = PBXGroup;
			name = "Done Action";
			path = "";
			refType = 4;
			sourceTree = "<group>";
		};
		F5E1D6FB03E0BAA601000103 = {
			fileEncoding = 30;
			isa = PBXFileReference;
			lastKnownFileType = sourcecode.c.h;
			path = DoneAction.h;
			refType = 4;
			sourceTree = "<group>";
		};
		F5E1D6FC03E0BAA601000103 = {
			fileEncoding = 30;
			isa = PBXFileReference;
			lastKnownFileType = sourcecode.c.objc;
			path = DoneAction.m;
			refType = 4;
			sourceTree = "<group>";
		};
		F5E1D6FD03E0BAA601000103 = {
			fileRef = F5E1D6FB03E0BAA601000103;
			isa = PBXBuildFile;
			settings = {
			};
		};
		F5E1D6FE03E0BAA601000103 = {
			fileRef = F5E1D6FC03E0BAA601000103;
			isa = PBXBuildFile;
			settings = {
			};
		};
		F5EF5B6803E997300118FB85 = {
			isa = PBXFileReference;
			lastKnownFileType = image.png;
			path = notfound.png;
			refType = 4;
			sourceTree = "<group>";
		};
		F5EF5B6903E997300118FB85 = {
			fileRef = F5EF5B6803E997300118FB85;
			isa = PBXBuildFile;
			settings = {
			};
		};
		F5F0699403DB678D01000103 = {
			isa = PBXFileReference;
			lastKnownFileType = image.tiff;
			path = clean.tiff;
			refType = 4;
			sourceTree = "<group>";
		};
		F5F0699503DB678D01000103 = {
			fileRef = F5F0699403DB678D01000103;
			isa = PBXBuildFile;
			settings = {
			};
		};
		F5F0699803DB73FC01000103 = {
			children = (
				F5F0699903DB73FC01000103,
				E990B1360660EC42001EC845,
			);
			isa = PBXVariantGroup;
			name = Localizable.strings;
			path = "";
			refType = 4;
			sourceTree = "<group>";
		};
		F5F0699903DB73FC01000103 = {
			fileEncoding = 30;
			isa = PBXFileReference;
			lastKnownFileType = text.plist.strings;
			name = English;
			path = English.lproj/Localizable.strings;
			refType = 4;
			sourceTree = "<group>";
		};
		F5F0699A03DB73FC01000103 = {
			fileRef = F5F0699803DB73FC01000103;
			isa = PBXBuildFile;
			settings = {
			};
		};
		F5F88DE903E4ED2F0118FB85 = {
			fileEncoding = 30;
			isa = PBXFileReference;
			lastKnownFileType = sourcecode.c.h;
			path = BeepDoneAction.h;
			refType = 4;
			sourceTree = "<group>";
		};
		F5F88DEA03E4ED2F0118FB85 = {
			fileEncoding = 30;
			isa = PBXFileReference;
			lastKnownFileType = sourcecode.c.objc;
			path = BeepDoneAction.m;
			refType = 4;
			sourceTree = "<group>";
		};
		F5F88DEB03E4ED2F0118FB85 = {
			fileRef = F5F88DE903E4ED2F0118FB85;
			isa = PBXBuildFile;
			settings = {
			};
		};
		F5F88DEC03E4ED2F0118FB85 = {
			fileRef = F5F88DEA03E4ED2F0118FB85;
			isa = PBXBuildFile;
			settings = {
			};
		};
		F5FAFAF903E8955F0118FB85 = {
			fileEncoding = 30;
			isa = PBXFileReference;
			lastKnownFileType = sourcecode.c.h;
			path = FileDoneAction.h;
			refType = 4;
			sourceTree = "<group>";
		};
		F5FAFAFA03E8955F0118FB85 = {
			fileEncoding = 30;
			isa = PBXFileReference;
			lastKnownFileType = sourcecode.c.objc;
			path = FileDoneAction.m;
			refType = 4;
			sourceTree = "<group>";
		};
		F5FAFAFB03E8955F0118FB85 = {
			fileRef = F5FAFAF903E8955F0118FB85;
			isa = PBXBuildFile;
			settings = {
			};
		};
		F5FAFAFC03E8955F0118FB85 = {
			fileRef = F5FAFAFA03E8955F0118FB85;
			isa = PBXBuildFile;
			settings = {
			};
		};
	};
	rootObject = 29B97313FDCFA39411CA2CEA;
}
